PackratFormat: 1.4
PackratVersion: 0.4.8.1
RVersion: 3.2.2
Repos: CRAN=https://cran.rstudio.com/,
    CRANextra=http://www.stats.ox.ac.uk/pub/RWin

Package: BH
Source: CRAN
Version: 1.62.0-1

Package: DBI
Source: CRAN
Version: 0.5-1

Package: DT
Source: CRAN
Version: 0.2
Requires: htmltools, htmlwidgets, magrittr

Package: MASS
Source: CRAN
Version: 7.3-43
Hash: cad66bcf0bd3a9ca62f85a380a12c5fb

Package: R6
Source: CRAN
Version: 2.2.0

Package: RColorBrewer
Source: CRAN
Version: 1.1-2

Package: Rcpp
Source: CRAN
Version: 0.12.8

Package: assertthat
Source: CRAN
Version: 0.1

Package: broom
Source: CRAN
Version: 0.4.1
Requires: dplyr, nlme, plyr, psych, reshape2, stringr, tidyr

Package: colorspace
Source: CRAN
Version: 1.3-1

Package: curl
Source: CRAN
Version: 2.3

Package: data.table
Source: CRAN
Version: 1.10.0

Package: dichromat
Source: CRAN
Version: 2.0-0

Package: digest
Source: CRAN
Version: 0.6.10

Package: dplyr
Source: CRAN
Version: 0.5.0
Requires: BH, DBI, R6, Rcpp, assertthat, lazyeval, magrittr, tibble

Package: forcats
Source: CRAN
Version: 0.1.1
Requires: magrittr, tibble

Package: foreign
Source: CRAN
Version: 0.8-65
Hash: 1b5616373f514d9fc0714212c6d106aa

Package: ggplot2
Source: CRAN
Version: 2.2.0
Requires: MASS, digest, gtable, lazyeval, plyr, reshape2, scales,
    tibble

Package: gtable
Source: CRAN
Version: 0.2.0

Package: haven
Source: CRAN
Version: 1.0.0
Requires: BH, Rcpp, hms, readr, tibble

Package: hms
Source: CRAN
Version: 0.3

Package: htmltools
Source: CRAN
Version: 0.3.5
Requires: Rcpp, digest

Package: htmlwidgets
Source: CRAN
Version: 0.8
Requires: htmltools, jsonlite, yaml

Package: httpuv
Source: CRAN
Version: 1.3.3
Requires: Rcpp

Package: httr
Source: CRAN
Version: 1.2.1
Requires: R6, curl, jsonlite, mime, openssl

Package: jsonlite
Source: CRAN
Version: 1.1

Package: labeling
Source: CRAN
Version: 0.3

Package: lattice
Source: CRAN
Version: 0.20-33
Hash: d7158cf4e63e8c12cb227738076b37d8

Package: lazyeval
Source: CRAN
Version: 0.2.0

Package: lubridate
Source: CRAN
Version: 1.6.0
Requires: stringr

Package: magrittr
Source: CRAN
Version: 1.5

Package: mime
Source: CRAN
Version: 0.5

Package: miniUI
Source: CRAN
Version: 0.1.1
Requires: htmltools, shiny

Package: mnormt
Source: CRAN
Version: 1.5-5

Package: modelr
Source: CRAN
Version: 0.1.0
Requires: broom, dplyr, lazyeval, magrittr, purrr, tibble, tidyr

Package: munsell
Source: CRAN
Version: 0.4.3
Requires: colorspace

Package: nlme
Source: CRAN
Version: 3.1-121
Requires: lattice
Hash: 8b623a4fb1b12e964a94de6707c772d1

Package: openssl
Source: CRAN
Version: 0.9.5

Package: packrat
Source: CRAN
Version: 0.4.8-1
Hash: 6ad605ba7b4b476d84be6632393f5765

Package: plyr
Source: CRAN
Version: 1.8.4
Requires: Rcpp

Package: psych
Source: CRAN
Version: 1.6.9
Requires: foreign, mnormt

Package: purrr
Source: CRAN
Version: 0.2.2
Requires: BH, Rcpp, dplyr, lazyeval, magrittr

Package: rdrop2
Source: CRAN
Version: 0.7.0
Requires: assertthat, data.table, dplyr, httr, jsonlite, magrittr

Package: readr
Source: CRAN
Version: 1.0.0
Requires: BH, R6, Rcpp, curl, hms, tibble

Package: readxl
Source: CRAN
Version: 0.1.1
Requires: Rcpp

Package: reshape2
Source: CRAN
Version: 1.4.2
Requires: Rcpp, plyr, stringr

Package: rvest
Source: CRAN
Version: 0.3.2
Requires: httr, magrittr, selectr, xml2

Package: scales
Source: CRAN
Version: 0.4.1
Requires: RColorBrewer, Rcpp, dichromat, labeling, munsell, plyr

Package: selectr
Source: CRAN
Version: 0.3-0
Requires: stringr

Package: shiny
Source: CRAN
Version: 0.14.2
Requires: R6, digest, htmltools, httpuv, jsonlite, mime, sourcetools,
    xtable

Package: shinyBS
Source: CRAN
Version: 0.61
Requires: htmltools, shiny

Package: shinyjs
Source: CRAN
Version: 0.8
Requires: digest, htmltools, jsonlite, miniUI, shiny

Package: sourcetools
Source: CRAN
Version: 0.1.5

Package: stringi
Source: CRAN
Version: 1.1.2

Package: stringr
Source: CRAN
Version: 1.1.0
Requires: magrittr, stringi

Package: tibble
Source: CRAN
Version: 1.2
Requires: Rcpp, assertthat, lazyeval

Package: tidyr
Source: CRAN
Version: 0.6.0
Requires: Rcpp, dplyr, lazyeval, magrittr, stringi, tibble

Package: tidyverse
Source: CRAN
Version: 1.0.0
Requires: DBI, broom, dplyr, forcats, ggplot2, haven, hms, httr,
    jsonlite, lubridate, magrittr, modelr, purrr, readr, readxl, rvest,
    stringr, tibble, tidyr, xml2

Package: xml2
Source: CRAN
Version: 1.0.0
Requires: BH, Rcpp

Package: xtable
Source: CRAN
Version: 1.8-2

Package: yaml
Source: CRAN
Version: 2.1.14
